
Microsoft Visual Studio Solution File, Format Version 12.00
# Visual Studio Version 16
VisualStudioVersion = 16.0.30320.27
MinimumVisualStudioVersion = 10.0.40219.1
Project("{9A19103F-16F7-4668-BE54-9A1E7A4F7556}") = "AspDotnetCoreHelloWorld", "AspDotnetCoreHelloWorld\AspDotnetCoreHelloWorld.csproj", "{C8725734-7CCF-4E3D-9C7E-4728E8930EF3}"
EndProject
Project("{9A19103F-16F7-4668-BE54-9A1E7A4F7556}") = "ChainofResponsibilityHelloWorld", "ChainofResponsibilityHelloWorld\ChainofResponsibilityHelloWorld.csproj", "{A935C906-5B44-4517-B08E-E51AC7D0C047}"
EndProject
Project("{2150E333-8FDC-42A3-9474-1A3956D46DE8}") = "Solution Items", "Solution Items", "{E574E149-5185-4BB4-9DAD-88E328BF5754}"
	ProjectSection(SolutionItems) = preProject
		README.md = README.md
	EndProjectSection
EndProject
Project("{9A19103F-16F7-4668-BE54-9A1E7A4F7556}") = "CircularReference", "CircularReference\CircularReference.csproj", "{7C8533DB-24A4-4FA9-B9E6-B88E4A7C94B0}"
EndProject
Project("{9A19103F-16F7-4668-BE54-9A1E7A4F7556}") = "AuthenticationCenter", "AuthenticationCenter\AuthenticationCenter.csproj", "{4B2C2248-1377-46FA-BE26-40295838B39C}"
EndProject
Global
	GlobalSection(SolutionConfigurationPlatforms) = preSolution
		Debug|Any CPU = Debug|Any CPU
		Release|Any CPU = Release|Any CPU
	EndGlobalSection
	GlobalSection(ProjectConfigurationPlatforms) = postSolution
		{C8725734-7CCF-4E3D-9C7E-4728E8930EF3}.Debug|Any CPU.ActiveCfg = Debug|Any CPU
		{C8725734-7CCF-4E3D-9C7E-4728E8930EF3}.Debug|Any CPU.Build.0 = Debug|Any CPU
		{C8725734-7CCF-4E3D-9C7E-4728E8930EF3}.Release|Any CPU.ActiveCfg = Release|Any CPU
		{C8725734-7CCF-4E3D-9C7E-4728E8930EF3}.Release|Any CPU.Build.0 = Release|Any CPU
		{A935C906-5B44-4517-B08E-E51AC7D0C047}.Debug|Any CPU.ActiveCfg = Debug|Any CPU
		{A935C906-5B44-4517-B08E-E51AC7D0C047}.Debug|Any CPU.Build.0 = Debug|Any CPU
		{A935C906-5B44-4517-B08E-E51AC7D0C047}.Release|Any CPU.ActiveCfg = Release|Any CPU
		{A935C906-5B44-4517-B08E-E51AC7D0C047}.Release|Any CPU.Build.0 = Release|Any CPU
		{7C8533DB-24A4-4FA9-B9E6-B88E4A7C94B0}.Debug|Any CPU.ActiveCfg = Debug|Any CPU
		{7C8533DB-24A4-4FA9-B9E6-B88E4A7C94B0}.Debug|Any CPU.Build.0 = Debug|Any CPU
		{7C8533DB-24A4-4FA9-B9E6-B88E4A7C94B0}.Release|Any CPU.ActiveCfg = Release|Any CPU
		{7C8533DB-24A4-4FA9-B9E6-B88E4A7C94B0}.Release|Any CPU.Build.0 = Release|Any CPU
		{4B2C2248-1377-46FA-BE26-40295838B39C}.Debug|Any CPU.ActiveCfg = Debug|Any CPU
		{4B2C2248-1377-46FA-BE26-40295838B39C}.Debug|Any CPU.Build.0 = Debug|Any CPU
		{4B2C2248-1377-46FA-BE26-40295838B39C}.Release|Any CPU.ActiveCfg = Release|Any CPU
		{4B2C2248-1377-46FA-BE26-40295838B39C}.Release|Any CPU.Build.0 = Release|Any CPU
	EndGlobalSection
	GlobalSection(SolutionProperties) = preSolution
		HideSolutionNode = FALSE
	EndGlobalSection
	GlobalSection(ExtensibilityGlobals) = postSolution
		SolutionGuid = {990E8457-ADAD-4794-8CCE-B2F8792F1581}
	EndGlobalSection
EndGlobal
